
Microsoft Visual Studio Solution File, Format Version 12.00
# Visual Studio Version 17
VisualStudioVersion = 17.10.35004.147
MinimumVisualStudioVersion = 10.0.40219.1
Project("{2150E333-8FDC-42A3-9474-1A3956D46DE8}") = "Server", "Server", "{AA3A4ACB-A18A-4A74-9912-04A20103C86E}"
EndProject
Project("{FAE04EC0-301F-11D3-BF4B-00C04F79EFBC}") = "API", "API\API.csproj", "{030C0FDD-2DE0-4832-98C1-F8F96D803E94}"
EndProject
Project("{2150E333-8FDC-42A3-9474-1A3956D46DE8}") = "Front", "Front", "{6E15056B-3081-4E56-BD4D-0D973FE4047C}"
EndProject
Project("{FAE04EC0-301F-11D3-BF4B-00C04F79EFBC}") = "WebApp", "WebApp\WebApp.csproj", "{828CC039-7766-4E77-AE0B-7F7E28FDB31B}"
EndProject
Project("{9A19103F-16F7-4668-BE54-9A1E7A4F7556}") = "Server.Providers", "Server.Providers\Server.Providers.csproj", "{4E14B79C-503C-45B4-87CB-C56711214DF8}"
EndProject
Project("{FAE04EC0-301F-11D3-BF4B-00C04F79EFBC}") = "Server.Entities", "Server.Entities\Server.Entities.csproj", "{EF09863B-0213-42AF-8D14-0D2625001810}"
EndProject
Global
	GlobalSection(SolutionConfigurationPlatforms) = preSolution
		Debug|Any CPU = Debug|Any CPU
		Release|Any CPU = Release|Any CPU
	EndGlobalSection
	GlobalSection(ProjectConfigurationPlatforms) = postSolution
		{030C0FDD-2DE0-4832-98C1-F8F96D803E94}.Debug|Any CPU.ActiveCfg = Debug|Any CPU
		{030C0FDD-2DE0-4832-98C1-F8F96D803E94}.Debug|Any CPU.Build.0 = Debug|Any CPU
		{030C0FDD-2DE0-4832-98C1-F8F96D803E94}.Release|Any CPU.ActiveCfg = Release|Any CPU
		{030C0FDD-2DE0-4832-98C1-F8F96D803E94}.Release|Any CPU.Build.0 = Release|Any CPU
		{828CC039-7766-4E77-AE0B-7F7E28FDB31B}.Debug|Any CPU.ActiveCfg = Debug|Any CPU
		{828CC039-7766-4E77-AE0B-7F7E28FDB31B}.Debug|Any CPU.Build.0 = Debug|Any CPU
		{828CC039-7766-4E77-AE0B-7F7E28FDB31B}.Release|Any CPU.ActiveCfg = Release|Any CPU
		{828CC039-7766-4E77-AE0B-7F7E28FDB31B}.Release|Any CPU.Build.0 = Release|Any CPU
		{4E14B79C-503C-45B4-87CB-C56711214DF8}.Debug|Any CPU.ActiveCfg = Debug|Any CPU
		{4E14B79C-503C-45B4-87CB-C56711214DF8}.Debug|Any CPU.Build.0 = Debug|Any CPU
		{4E14B79C-503C-45B4-87CB-C56711214DF8}.Release|Any CPU.ActiveCfg = Release|Any CPU
		{4E14B79C-503C-45B4-87CB-C56711214DF8}.Release|Any CPU.Build.0 = Release|Any CPU
		{EF09863B-0213-42AF-8D14-0D2625001810}.Debug|Any CPU.ActiveCfg = Debug|Any CPU
		{EF09863B-0213-42AF-8D14-0D2625001810}.Debug|Any CPU.Build.0 = Debug|Any CPU
		{EF09863B-0213-42AF-8D14-0D2625001810}.Release|Any CPU.ActiveCfg = Release|Any CPU
		{EF09863B-0213-42AF-8D14-0D2625001810}.Release|Any CPU.Build.0 = Release|Any CPU
	EndGlobalSection
	GlobalSection(SolutionProperties) = preSolution
		HideSolutionNode = FALSE
	EndGlobalSection
	GlobalSection(NestedProjects) = preSolution
		{030C0FDD-2DE0-4832-98C1-F8F96D803E94} = {AA3A4ACB-A18A-4A74-9912-04A20103C86E}
		{828CC039-7766-4E77-AE0B-7F7E28FDB31B} = {6E15056B-3081-4E56-BD4D-0D973FE4047C}
		{4E14B79C-503C-45B4-87CB-C56711214DF8} = {AA3A4ACB-A18A-4A74-9912-04A20103C86E}
		{EF09863B-0213-42AF-8D14-0D2625001810} = {AA3A4ACB-A18A-4A74-9912-04A20103C86E}
	EndGlobalSection
	GlobalSection(ExtensibilityGlobals) = postSolution
		SolutionGuid = {09380CFE-F022-4681-9D38-B40FAE3AAAC6}
	EndGlobalSection
EndGlobal
