
Microsoft Visual Studio Solution File, Format Version 12.00
# Visual Studio Version 17
VisualStudioVersion = 17.10.35004.147
MinimumVisualStudioVersion = 10.0.40219.1
Project("{2150E333-8FDC-42A3-9474-1A3956D46DE8}") = "Server.Game", "Server.Game", "{9A04298D-06EE-40C1-B9E4-3B2255DD6086}"
EndProject
Project("{2150E333-8FDC-42A3-9474-1A3956D46DE8}") = "Main", "Main", "{D84D51DF-7064-43E7-8FFC-40FA8358978E}"
EndProject
Project("{2150E333-8FDC-42A3-9474-1A3956D46DE8}") = "Server", "Server", "{D218A842-F78C-4D43-938E-24ECE1157875}"
EndProject
Project("{2150E333-8FDC-42A3-9474-1A3956D46DE8}") = "Application", "Application", "{979E2A6A-D782-4955-BFFC-66F0C4FF8D9E}"
EndProject
Project("{9A19103F-16F7-4668-BE54-9A1E7A4F7556}") = "Server.Game", "Game\src\Standalone\Server.Game.csproj", "{A4AA3A7F-9A11-46B6-A7A9-A4659D602882}"
EndProject
Project("{2150E333-8FDC-42A3-9474-1A3956D46DE8}") = "Shared", "Shared", "{D58D68E1-C698-4E71-B00F-FE0A1362126A}"
EndProject
Project("{9A19103F-16F7-4668-BE54-9A1E7A4F7556}") = "Shared.IoC", "Game\src\Shared\Shared.IoC\Shared.IoC.csproj", "{5668BB3F-12BA-401F-884B-E2A26EAE88D4}"
EndProject
Project("{2150E333-8FDC-42A3-9474-1A3956D46DE8}") = "Networking", "Networking", "{5469ECF9-27A4-4784-8E6B-B3E0FC66355E}"
EndProject
Project("{9A19103F-16F7-4668-BE54-9A1E7A4F7556}") = "Networking", "Game\src\NetworkingServer\Networking\Networking.csproj", "{F65A1425-D2A9-48F7-8565-E4C610EC2B7A}"
EndProject
Project("{9A19103F-16F7-4668-BE54-9A1E7A4F7556}") = "Networking.Handlers", "Game\src\NetworkingServer\Networking.Handlers\Networking.Handlers.csproj", "{19FAE8E7-C3F0-40B0-B9A9-163D28A2BB6E}"
EndProject
Project("{9A19103F-16F7-4668-BE54-9A1E7A4F7556}") = "Networking.Packets", "Game\src\NetworkingServer\Networking.Packets\Networking.Packets.csproj", "{0C7E5BC1-A935-4ADC-ACA1-3B312E789064}"
EndProject
Project("{2150E333-8FDC-42A3-9474-1A3956D46DE8}") = "Loader", "Loader", "{38FBFC24-C015-42E3-A78D-4B227F4113FF}"
EndProject
Project("{2150E333-8FDC-42A3-9474-1A3956D46DE8}") = "GameWorld", "GameWorld", "{8945F917-02F2-481F-B008-7B1DEC428CF3}"
EndProject
Project("{9A19103F-16F7-4668-BE54-9A1E7A4F7556}") = "Game.World", "Game\src\GameWorldSimulator\Game.World\Game.World.csproj", "{B77018E8-98CA-41BE-9215-06D843FAB94E}"
EndProject
Project("{9A19103F-16F7-4668-BE54-9A1E7A4F7556}") = "Game.Systems", "Game\src\GameWorldSimulator\Game.Systems\Game.Systems.csproj", "{F78CCCBC-AB89-430A-A9CF-18EDB1D8D3CA}"
EndProject
Project("{9A19103F-16F7-4668-BE54-9A1E7A4F7556}") = "Game.Items", "Game\src\GameWorldSimulator\Game.Items\Game.Items.csproj", "{917D669C-024F-4035-9EB9-D77FA45829DD}"
EndProject
Project("{9A19103F-16F7-4668-BE54-9A1E7A4F7556}") = "Game.Creatures", "Game\src\GameWorldSimulator\Game.Creatures\Game.Creatures.csproj", "{A79C7137-18FB-43E3-BE9C-D6ED46BF1048}"
EndProject
Project("{9A19103F-16F7-4668-BE54-9A1E7A4F7556}") = "Game.Common", "Game\src\GameWorldSimulator\Game.Common\Game.Common.csproj", "{97B5A3BF-A9A2-4F54-A7A7-DC2870CA9540}"
EndProject
Project("{9A19103F-16F7-4668-BE54-9A1E7A4F7556}") = "Game.Combat", "Game\src\GameWorldSimulator\Game.Combat\Game.Combat.csproj", "{8D03B860-5E9B-4282-9C2C-D2DDF0A11198}"
EndProject
Project("{9A19103F-16F7-4668-BE54-9A1E7A4F7556}") = "Game.Chats", "Game\src\GameWorldSimulator\Game.Chats\Game.Chats.csproj", "{EC7267E0-CE2B-4E42-B8BC-F333195238F8}"
EndProject
Project("{2150E333-8FDC-42A3-9474-1A3956D46DE8}") = "Extensions", "Extensions", "{D3F9079C-1541-4A9A-A475-9CE454D2CF08}"
EndProject
Project("{9A19103F-16F7-4668-BE54-9A1E7A4F7556}") = "Extension.Lua", "Game\src\Extensions\Extension.Lua\Extension.Lua.csproj", "{FB99E757-D2B8-4E2E-8992-89FA0D448F34}"
EndProject
Project("{2150E333-8FDC-42A3-9474-1A3956D46DE8}") = "Database", "Database", "{8FBA6553-A387-4BD3-9886-6B736AB9B34E}"
EndProject
Project("{9A19103F-16F7-4668-BE54-9A1E7A4F7556}") = "Data.InMemory", "Game\src\Database\Data.InMemory\Data.InMemory.csproj", "{A8C79E18-D97E-4923-A2F8-5E6FC89EFB22}"
EndProject
Project("{9A19103F-16F7-4668-BE54-9A1E7A4F7556}") = "Data", "Game\src\Database\Data\Data.csproj", "{2654359D-B80A-4532-BB36-34F8128CFEB5}"
EndProject
Project("{2150E333-8FDC-42A3-9474-1A3956D46DE8}") = "ApplicationServer", "ApplicationServer", "{94F28337-E6CF-4070-94B9-63830BF28EDD}"
EndProject
Project("{9A19103F-16F7-4668-BE54-9A1E7A4F7556}") = "Loader", "Game\src\Loader\Loader.csproj", "{9CFC7DF2-44B5-485B-938D-A992FFF4993B}"
EndProject
Project("{2150E333-8FDC-42A3-9474-1A3956D46DE8}") = "Data", "Data", "{CAA82AF3-0080-472D-AAB5-4E9CDB228FFC}"
EndProject
Project("{2150E333-8FDC-42A3-9474-1A3956D46DE8}") = "Application.Client", "Application.Client", "{0DCF114A-8401-42B2-9C93-1507DD7B5E1A}"
EndProject
Project("{9A19103F-16F7-4668-BE54-9A1E7A4F7556}") = "Application.Services", "Main\Application\Application.Services\Application.Services.csproj", "{C681994D-CFB2-4D5A-80B9-74E54FC18F35}"
EndProject
Project("{9A19103F-16F7-4668-BE54-9A1E7A4F7556}") = "Application.WebApp", "Main\Application\Application.WebApp\Application.WebApp.csproj", "{4B25DAFB-DDDE-4EEA-A7F5-679BBA8B840E}"
EndProject
Project("{9A19103F-16F7-4668-BE54-9A1E7A4F7556}") = "Application.Client", "Main\Application\Application.Client\Application.Client\Application.Client.csproj", "{C1835D58-1ACC-4AFA-A87D-EA13D0F9D1E7}"
EndProject
Project("{FAE04EC0-301F-11D3-BF4B-00C04F79EFBC}") = "Application.ConverterSprites", "Main\Application\Application.Client\Application.ClientConverterSprites\Application.ConverterSprites.csproj", "{E4407197-0669-448C-BF4F-9698033B59A0}"
EndProject
Project("{9A19103F-16F7-4668-BE54-9A1E7A4F7556}") = "Server.API", "Main\Server\Server.API\Server.API.csproj", "{546E0865-3F14-4329-8E20-7EF38A4E352D}"
EndProject
Project("{9A19103F-16F7-4668-BE54-9A1E7A4F7556}") = "Server.BusinessRules", "Main\Server\Server.BusinessRules\Server.BusinessRules.csproj", "{C830E3F7-E882-4553-889A-6E2B7764B699}"
EndProject
Project("{9A19103F-16F7-4668-BE54-9A1E7A4F7556}") = "Server.Entities", "Main\Server\Server.Entities\Server.Entities.csproj", "{7F09346A-E1FB-4D3F-B0E7-A77A4DA712EE}"
EndProject
Project("{9A19103F-16F7-4668-BE54-9A1E7A4F7556}") = "Server.Providers", "Main\Server\Server.Providers\Server.Providers.csproj", "{F7AFA9B8-D041-4421-B4BF-27D7BD434930}"
EndProject
Global
	GlobalSection(SolutionConfigurationPlatforms) = preSolution
		Debug|Any CPU = Debug|Any CPU
		Debug|x64 = Debug|x64
		Release|Any CPU = Release|Any CPU
		Release|x64 = Release|x64
	EndGlobalSection
	GlobalSection(ProjectConfigurationPlatforms) = postSolution
		{A4AA3A7F-9A11-46B6-A7A9-A4659D602882}.Debug|Any CPU.ActiveCfg = Debug|Any CPU
		{A4AA3A7F-9A11-46B6-A7A9-A4659D602882}.Debug|Any CPU.Build.0 = Debug|Any CPU
		{A4AA3A7F-9A11-46B6-A7A9-A4659D602882}.Debug|x64.ActiveCfg = Debug|x64
		{A4AA3A7F-9A11-46B6-A7A9-A4659D602882}.Debug|x64.Build.0 = Debug|x64
		{A4AA3A7F-9A11-46B6-A7A9-A4659D602882}.Release|Any CPU.ActiveCfg = Release|Any CPU
		{A4AA3A7F-9A11-46B6-A7A9-A4659D602882}.Release|Any CPU.Build.0 = Release|Any CPU
		{A4AA3A7F-9A11-46B6-A7A9-A4659D602882}.Release|x64.ActiveCfg = Release|x64
		{A4AA3A7F-9A11-46B6-A7A9-A4659D602882}.Release|x64.Build.0 = Release|x64
		{5668BB3F-12BA-401F-884B-E2A26EAE88D4}.Debug|Any CPU.ActiveCfg = Debug|Any CPU
		{5668BB3F-12BA-401F-884B-E2A26EAE88D4}.Debug|Any CPU.Build.0 = Debug|Any CPU
		{5668BB3F-12BA-401F-884B-E2A26EAE88D4}.Debug|x64.ActiveCfg = Debug|Any CPU
		{5668BB3F-12BA-401F-884B-E2A26EAE88D4}.Debug|x64.Build.0 = Debug|Any CPU
		{5668BB3F-12BA-401F-884B-E2A26EAE88D4}.Release|Any CPU.ActiveCfg = Release|Any CPU
		{5668BB3F-12BA-401F-884B-E2A26EAE88D4}.Release|Any CPU.Build.0 = Release|Any CPU
		{5668BB3F-12BA-401F-884B-E2A26EAE88D4}.Release|x64.ActiveCfg = Release|Any CPU
		{5668BB3F-12BA-401F-884B-E2A26EAE88D4}.Release|x64.Build.0 = Release|Any CPU
		{F65A1425-D2A9-48F7-8565-E4C610EC2B7A}.Debug|Any CPU.ActiveCfg = Debug|Any CPU
		{F65A1425-D2A9-48F7-8565-E4C610EC2B7A}.Debug|Any CPU.Build.0 = Debug|Any CPU
		{F65A1425-D2A9-48F7-8565-E4C610EC2B7A}.Debug|x64.ActiveCfg = Debug|x64
		{F65A1425-D2A9-48F7-8565-E4C610EC2B7A}.Debug|x64.Build.0 = Debug|x64
		{F65A1425-D2A9-48F7-8565-E4C610EC2B7A}.Release|Any CPU.ActiveCfg = Release|Any CPU
		{F65A1425-D2A9-48F7-8565-E4C610EC2B7A}.Release|Any CPU.Build.0 = Release|Any CPU
		{F65A1425-D2A9-48F7-8565-E4C610EC2B7A}.Release|x64.ActiveCfg = Release|x64
		{F65A1425-D2A9-48F7-8565-E4C610EC2B7A}.Release|x64.Build.0 = Release|x64
		{19FAE8E7-C3F0-40B0-B9A9-163D28A2BB6E}.Debug|Any CPU.ActiveCfg = Debug|Any CPU
		{19FAE8E7-C3F0-40B0-B9A9-163D28A2BB6E}.Debug|Any CPU.Build.0 = Debug|Any CPU
		{19FAE8E7-C3F0-40B0-B9A9-163D28A2BB6E}.Debug|x64.ActiveCfg = Debug|x64
		{19FAE8E7-C3F0-40B0-B9A9-163D28A2BB6E}.Debug|x64.Build.0 = Debug|x64
		{19FAE8E7-C3F0-40B0-B9A9-163D28A2BB6E}.Release|Any CPU.ActiveCfg = Release|Any CPU
		{19FAE8E7-C3F0-40B0-B9A9-163D28A2BB6E}.Release|Any CPU.Build.0 = Release|Any CPU
		{19FAE8E7-C3F0-40B0-B9A9-163D28A2BB6E}.Release|x64.ActiveCfg = Release|x64
		{19FAE8E7-C3F0-40B0-B9A9-163D28A2BB6E}.Release|x64.Build.0 = Release|x64
		{0C7E5BC1-A935-4ADC-ACA1-3B312E789064}.Debug|Any CPU.ActiveCfg = Debug|Any CPU
		{0C7E5BC1-A935-4ADC-ACA1-3B312E789064}.Debug|Any CPU.Build.0 = Debug|Any CPU
		{0C7E5BC1-A935-4ADC-ACA1-3B312E789064}.Debug|x64.ActiveCfg = Debug|x64
		{0C7E5BC1-A935-4ADC-ACA1-3B312E789064}.Debug|x64.Build.0 = Debug|x64
		{0C7E5BC1-A935-4ADC-ACA1-3B312E789064}.Release|Any CPU.ActiveCfg = Release|Any CPU
		{0C7E5BC1-A935-4ADC-ACA1-3B312E789064}.Release|Any CPU.Build.0 = Release|Any CPU
		{0C7E5BC1-A935-4ADC-ACA1-3B312E789064}.Release|x64.ActiveCfg = Release|x64
		{0C7E5BC1-A935-4ADC-ACA1-3B312E789064}.Release|x64.Build.0 = Release|x64
		{B77018E8-98CA-41BE-9215-06D843FAB94E}.Debug|Any CPU.ActiveCfg = Debug|Any CPU
		{B77018E8-98CA-41BE-9215-06D843FAB94E}.Debug|Any CPU.Build.0 = Debug|Any CPU
		{B77018E8-98CA-41BE-9215-06D843FAB94E}.Debug|x64.ActiveCfg = Debug|x64
		{B77018E8-98CA-41BE-9215-06D843FAB94E}.Debug|x64.Build.0 = Debug|x64
		{B77018E8-98CA-41BE-9215-06D843FAB94E}.Release|Any CPU.ActiveCfg = Release|Any CPU
		{B77018E8-98CA-41BE-9215-06D843FAB94E}.Release|Any CPU.Build.0 = Release|Any CPU
		{B77018E8-98CA-41BE-9215-06D843FAB94E}.Release|x64.ActiveCfg = Release|x64
		{B77018E8-98CA-41BE-9215-06D843FAB94E}.Release|x64.Build.0 = Release|x64
		{F78CCCBC-AB89-430A-A9CF-18EDB1D8D3CA}.Debug|Any CPU.ActiveCfg = Debug|Any CPU
		{F78CCCBC-AB89-430A-A9CF-18EDB1D8D3CA}.Debug|Any CPU.Build.0 = Debug|Any CPU
		{F78CCCBC-AB89-430A-A9CF-18EDB1D8D3CA}.Debug|x64.ActiveCfg = Debug|Any CPU
		{F78CCCBC-AB89-430A-A9CF-18EDB1D8D3CA}.Debug|x64.Build.0 = Debug|Any CPU
		{F78CCCBC-AB89-430A-A9CF-18EDB1D8D3CA}.Release|Any CPU.ActiveCfg = Release|Any CPU
		{F78CCCBC-AB89-430A-A9CF-18EDB1D8D3CA}.Release|Any CPU.Build.0 = Release|Any CPU
		{F78CCCBC-AB89-430A-A9CF-18EDB1D8D3CA}.Release|x64.ActiveCfg = Release|Any CPU
		{F78CCCBC-AB89-430A-A9CF-18EDB1D8D3CA}.Release|x64.Build.0 = Release|Any CPU
		{917D669C-024F-4035-9EB9-D77FA45829DD}.Debug|Any CPU.ActiveCfg = Debug|Any CPU
		{917D669C-024F-4035-9EB9-D77FA45829DD}.Debug|Any CPU.Build.0 = Debug|Any CPU
		{917D669C-024F-4035-9EB9-D77FA45829DD}.Debug|x64.ActiveCfg = Debug|x64
		{917D669C-024F-4035-9EB9-D77FA45829DD}.Debug|x64.Build.0 = Debug|x64
		{917D669C-024F-4035-9EB9-D77FA45829DD}.Release|Any CPU.ActiveCfg = Release|Any CPU
		{917D669C-024F-4035-9EB9-D77FA45829DD}.Release|Any CPU.Build.0 = Release|Any CPU
		{917D669C-024F-4035-9EB9-D77FA45829DD}.Release|x64.ActiveCfg = Release|x64
		{917D669C-024F-4035-9EB9-D77FA45829DD}.Release|x64.Build.0 = Release|x64
		{A79C7137-18FB-43E3-BE9C-D6ED46BF1048}.Debug|Any CPU.ActiveCfg = Debug|Any CPU
		{A79C7137-18FB-43E3-BE9C-D6ED46BF1048}.Debug|Any CPU.Build.0 = Debug|Any CPU
		{A79C7137-18FB-43E3-BE9C-D6ED46BF1048}.Debug|x64.ActiveCfg = Debug|x64
		{A79C7137-18FB-43E3-BE9C-D6ED46BF1048}.Debug|x64.Build.0 = Debug|x64
		{A79C7137-18FB-43E3-BE9C-D6ED46BF1048}.Release|Any CPU.ActiveCfg = Release|Any CPU
		{A79C7137-18FB-43E3-BE9C-D6ED46BF1048}.Release|Any CPU.Build.0 = Release|Any CPU
		{A79C7137-18FB-43E3-BE9C-D6ED46BF1048}.Release|x64.ActiveCfg = Release|x64
		{A79C7137-18FB-43E3-BE9C-D6ED46BF1048}.Release|x64.Build.0 = Release|x64
		{97B5A3BF-A9A2-4F54-A7A7-DC2870CA9540}.Debug|Any CPU.ActiveCfg = Debug|Any CPU
		{97B5A3BF-A9A2-4F54-A7A7-DC2870CA9540}.Debug|Any CPU.Build.0 = Debug|Any CPU
		{97B5A3BF-A9A2-4F54-A7A7-DC2870CA9540}.Debug|x64.ActiveCfg = Debug|x64
		{97B5A3BF-A9A2-4F54-A7A7-DC2870CA9540}.Debug|x64.Build.0 = Debug|x64
		{97B5A3BF-A9A2-4F54-A7A7-DC2870CA9540}.Release|Any CPU.ActiveCfg = Release|Any CPU
		{97B5A3BF-A9A2-4F54-A7A7-DC2870CA9540}.Release|Any CPU.Build.0 = Release|Any CPU
		{97B5A3BF-A9A2-4F54-A7A7-DC2870CA9540}.Release|x64.ActiveCfg = Release|x64
		{97B5A3BF-A9A2-4F54-A7A7-DC2870CA9540}.Release|x64.Build.0 = Release|x64
		{8D03B860-5E9B-4282-9C2C-D2DDF0A11198}.Debug|Any CPU.ActiveCfg = Debug|Any CPU
		{8D03B860-5E9B-4282-9C2C-D2DDF0A11198}.Debug|Any CPU.Build.0 = Debug|Any CPU
		{8D03B860-5E9B-4282-9C2C-D2DDF0A11198}.Debug|x64.ActiveCfg = Debug|Any CPU
		{8D03B860-5E9B-4282-9C2C-D2DDF0A11198}.Debug|x64.Build.0 = Debug|Any CPU
		{8D03B860-5E9B-4282-9C2C-D2DDF0A11198}.Release|Any CPU.ActiveCfg = Release|Any CPU
		{8D03B860-5E9B-4282-9C2C-D2DDF0A11198}.Release|Any CPU.Build.0 = Release|Any CPU
		{8D03B860-5E9B-4282-9C2C-D2DDF0A11198}.Release|x64.ActiveCfg = Release|Any CPU
		{8D03B860-5E9B-4282-9C2C-D2DDF0A11198}.Release|x64.Build.0 = Release|Any CPU
		{EC7267E0-CE2B-4E42-B8BC-F333195238F8}.Debug|Any CPU.ActiveCfg = Debug|Any CPU
		{EC7267E0-CE2B-4E42-B8BC-F333195238F8}.Debug|Any CPU.Build.0 = Debug|Any CPU
		{EC7267E0-CE2B-4E42-B8BC-F333195238F8}.Debug|x64.ActiveCfg = Debug|Any CPU
		{EC7267E0-CE2B-4E42-B8BC-F333195238F8}.Debug|x64.Build.0 = Debug|Any CPU
		{EC7267E0-CE2B-4E42-B8BC-F333195238F8}.Release|Any CPU.ActiveCfg = Release|Any CPU
		{EC7267E0-CE2B-4E42-B8BC-F333195238F8}.Release|Any CPU.Build.0 = Release|Any CPU
		{EC7267E0-CE2B-4E42-B8BC-F333195238F8}.Release|x64.ActiveCfg = Release|Any CPU
		{EC7267E0-CE2B-4E42-B8BC-F333195238F8}.Release|x64.Build.0 = Release|Any CPU
		{FB99E757-D2B8-4E2E-8992-89FA0D448F34}.Debug|Any CPU.ActiveCfg = Debug|Any CPU
		{FB99E757-D2B8-4E2E-8992-89FA0D448F34}.Debug|Any CPU.Build.0 = Debug|Any CPU
		{FB99E757-D2B8-4E2E-8992-89FA0D448F34}.Debug|x64.ActiveCfg = Debug|Any CPU
		{FB99E757-D2B8-4E2E-8992-89FA0D448F34}.Debug|x64.Build.0 = Debug|Any CPU
		{FB99E757-D2B8-4E2E-8992-89FA0D448F34}.Release|Any CPU.ActiveCfg = Release|Any CPU
		{FB99E757-D2B8-4E2E-8992-89FA0D448F34}.Release|Any CPU.Build.0 = Release|Any CPU
		{FB99E757-D2B8-4E2E-8992-89FA0D448F34}.Release|x64.ActiveCfg = Release|Any CPU
		{FB99E757-D2B8-4E2E-8992-89FA0D448F34}.Release|x64.Build.0 = Release|Any CPU
		{A8C79E18-D97E-4923-A2F8-5E6FC89EFB22}.Debug|Any CPU.ActiveCfg = Debug|Any CPU
		{A8C79E18-D97E-4923-A2F8-5E6FC89EFB22}.Debug|Any CPU.Build.0 = Debug|Any CPU
		{A8C79E18-D97E-4923-A2F8-5E6FC89EFB22}.Debug|x64.ActiveCfg = Debug|Any CPU
		{A8C79E18-D97E-4923-A2F8-5E6FC89EFB22}.Debug|x64.Build.0 = Debug|Any CPU
		{A8C79E18-D97E-4923-A2F8-5E6FC89EFB22}.Release|Any CPU.ActiveCfg = Release|Any CPU
		{A8C79E18-D97E-4923-A2F8-5E6FC89EFB22}.Release|Any CPU.Build.0 = Release|Any CPU
		{A8C79E18-D97E-4923-A2F8-5E6FC89EFB22}.Release|x64.ActiveCfg = Release|Any CPU
		{A8C79E18-D97E-4923-A2F8-5E6FC89EFB22}.Release|x64.Build.0 = Release|Any CPU
		{2654359D-B80A-4532-BB36-34F8128CFEB5}.Debug|Any CPU.ActiveCfg = Debug|Any CPU
		{2654359D-B80A-4532-BB36-34F8128CFEB5}.Debug|Any CPU.Build.0 = Debug|Any CPU
		{2654359D-B80A-4532-BB36-34F8128CFEB5}.Debug|x64.ActiveCfg = Debug|x64
		{2654359D-B80A-4532-BB36-34F8128CFEB5}.Debug|x64.Build.0 = Debug|x64
		{2654359D-B80A-4532-BB36-34F8128CFEB5}.Release|Any CPU.ActiveCfg = Release|Any CPU
		{2654359D-B80A-4532-BB36-34F8128CFEB5}.Release|Any CPU.Build.0 = Release|Any CPU
		{2654359D-B80A-4532-BB36-34F8128CFEB5}.Release|x64.ActiveCfg = Release|x64
		{2654359D-B80A-4532-BB36-34F8128CFEB5}.Release|x64.Build.0 = Release|x64
		{9CFC7DF2-44B5-485B-938D-A992FFF4993B}.Debug|Any CPU.ActiveCfg = Debug|Any CPU
		{9CFC7DF2-44B5-485B-938D-A992FFF4993B}.Debug|Any CPU.Build.0 = Debug|Any CPU
		{9CFC7DF2-44B5-485B-938D-A992FFF4993B}.Debug|x64.ActiveCfg = Debug|x64
		{9CFC7DF2-44B5-485B-938D-A992FFF4993B}.Debug|x64.Build.0 = Debug|x64
		{9CFC7DF2-44B5-485B-938D-A992FFF4993B}.Release|Any CPU.ActiveCfg = Release|Any CPU
		{9CFC7DF2-44B5-485B-938D-A992FFF4993B}.Release|Any CPU.Build.0 = Release|Any CPU
		{9CFC7DF2-44B5-485B-938D-A992FFF4993B}.Release|x64.ActiveCfg = Release|x64
		{9CFC7DF2-44B5-485B-938D-A992FFF4993B}.Release|x64.Build.0 = Release|x64
		{C681994D-CFB2-4D5A-80B9-74E54FC18F35}.Debug|Any CPU.ActiveCfg = Debug|Any CPU
		{C681994D-CFB2-4D5A-80B9-74E54FC18F35}.Debug|Any CPU.Build.0 = Debug|Any CPU
		{C681994D-CFB2-4D5A-80B9-74E54FC18F35}.Debug|x64.ActiveCfg = Debug|Any CPU
		{C681994D-CFB2-4D5A-80B9-74E54FC18F35}.Debug|x64.Build.0 = Debug|Any CPU
		{C681994D-CFB2-4D5A-80B9-74E54FC18F35}.Release|Any CPU.ActiveCfg = Release|Any CPU
		{C681994D-CFB2-4D5A-80B9-74E54FC18F35}.Release|Any CPU.Build.0 = Release|Any CPU
		{C681994D-CFB2-4D5A-80B9-74E54FC18F35}.Release|x64.ActiveCfg = Release|Any CPU
		{C681994D-CFB2-4D5A-80B9-74E54FC18F35}.Release|x64.Build.0 = Release|Any CPU
		{4B25DAFB-DDDE-4EEA-A7F5-679BBA8B840E}.Debug|Any CPU.ActiveCfg = Debug|Any CPU
		{4B25DAFB-DDDE-4EEA-A7F5-679BBA8B840E}.Debug|Any CPU.Build.0 = Debug|Any CPU
		{4B25DAFB-DDDE-4EEA-A7F5-679BBA8B840E}.Debug|x64.ActiveCfg = Debug|Any CPU
		{4B25DAFB-DDDE-4EEA-A7F5-679BBA8B840E}.Debug|x64.Build.0 = Debug|Any CPU
		{4B25DAFB-DDDE-4EEA-A7F5-679BBA8B840E}.Release|Any CPU.ActiveCfg = Release|Any CPU
		{4B25DAFB-DDDE-4EEA-A7F5-679BBA8B840E}.Release|Any CPU.Build.0 = Release|Any CPU
		{4B25DAFB-DDDE-4EEA-A7F5-679BBA8B840E}.Release|x64.ActiveCfg = Release|Any CPU
		{4B25DAFB-DDDE-4EEA-A7F5-679BBA8B840E}.Release|x64.Build.0 = Release|Any CPU
		{C1835D58-1ACC-4AFA-A87D-EA13D0F9D1E7}.Debug|Any CPU.ActiveCfg = Debug|Any CPU
		{C1835D58-1ACC-4AFA-A87D-EA13D0F9D1E7}.Debug|Any CPU.Build.0 = Debug|Any CPU
		{C1835D58-1ACC-4AFA-A87D-EA13D0F9D1E7}.Debug|x64.ActiveCfg = Debug|Any CPU
		{C1835D58-1ACC-4AFA-A87D-EA13D0F9D1E7}.Debug|x64.Build.0 = Debug|Any CPU
		{C1835D58-1ACC-4AFA-A87D-EA13D0F9D1E7}.Release|Any CPU.ActiveCfg = Release|Any CPU
		{C1835D58-1ACC-4AFA-A87D-EA13D0F9D1E7}.Release|Any CPU.Build.0 = Release|Any CPU
		{C1835D58-1ACC-4AFA-A87D-EA13D0F9D1E7}.Release|x64.ActiveCfg = Release|Any CPU
		{C1835D58-1ACC-4AFA-A87D-EA13D0F9D1E7}.Release|x64.Build.0 = Release|Any CPU
		{E4407197-0669-448C-BF4F-9698033B59A0}.Debug|Any CPU.ActiveCfg = Debug|Any CPU
		{E4407197-0669-448C-BF4F-9698033B59A0}.Debug|Any CPU.Build.0 = Debug|Any CPU
		{E4407197-0669-448C-BF4F-9698033B59A0}.Debug|x64.ActiveCfg = Debug|x64
		{E4407197-0669-448C-BF4F-9698033B59A0}.Debug|x64.Build.0 = Debug|x64
		{E4407197-0669-448C-BF4F-9698033B59A0}.Release|Any CPU.ActiveCfg = Release|Any CPU
		{E4407197-0669-448C-BF4F-9698033B59A0}.Release|Any CPU.Build.0 = Release|Any CPU
		{E4407197-0669-448C-BF4F-9698033B59A0}.Release|x64.ActiveCfg = Release|x64
		{E4407197-0669-448C-BF4F-9698033B59A0}.Release|x64.Build.0 = Release|x64
		{546E0865-3F14-4329-8E20-7EF38A4E352D}.Debug|Any CPU.ActiveCfg = Debug|Any CPU
		{546E0865-3F14-4329-8E20-7EF38A4E352D}.Debug|Any CPU.Build.0 = Debug|Any CPU
		{546E0865-3F14-4329-8E20-7EF38A4E352D}.Debug|x64.ActiveCfg = Debug|Any CPU
		{546E0865-3F14-4329-8E20-7EF38A4E352D}.Debug|x64.Build.0 = Debug|Any CPU
		{546E0865-3F14-4329-8E20-7EF38A4E352D}.Release|Any CPU.ActiveCfg = Release|Any CPU
		{546E0865-3F14-4329-8E20-7EF38A4E352D}.Release|Any CPU.Build.0 = Release|Any CPU
		{546E0865-3F14-4329-8E20-7EF38A4E352D}.Release|x64.ActiveCfg = Release|Any CPU
		{546E0865-3F14-4329-8E20-7EF38A4E352D}.Release|x64.Build.0 = Release|Any CPU
		{C830E3F7-E882-4553-889A-6E2B7764B699}.Debug|Any CPU.ActiveCfg = Debug|Any CPU
		{C830E3F7-E882-4553-889A-6E2B7764B699}.Debug|Any CPU.Build.0 = Debug|Any CPU
		{C830E3F7-E882-4553-889A-6E2B7764B699}.Debug|x64.ActiveCfg = Debug|Any CPU
		{C830E3F7-E882-4553-889A-6E2B7764B699}.Debug|x64.Build.0 = Debug|Any CPU
		{C830E3F7-E882-4553-889A-6E2B7764B699}.Release|Any CPU.ActiveCfg = Release|Any CPU
		{C830E3F7-E882-4553-889A-6E2B7764B699}.Release|Any CPU.Build.0 = Release|Any CPU
		{C830E3F7-E882-4553-889A-6E2B7764B699}.Release|x64.ActiveCfg = Release|Any CPU
		{C830E3F7-E882-4553-889A-6E2B7764B699}.Release|x64.Build.0 = Release|Any CPU
		{7F09346A-E1FB-4D3F-B0E7-A77A4DA712EE}.Debug|Any CPU.ActiveCfg = Debug|Any CPU
		{7F09346A-E1FB-4D3F-B0E7-A77A4DA712EE}.Debug|Any CPU.Build.0 = Debug|Any CPU
		{7F09346A-E1FB-4D3F-B0E7-A77A4DA712EE}.Debug|x64.ActiveCfg = Debug|Any CPU
		{7F09346A-E1FB-4D3F-B0E7-A77A4DA712EE}.Debug|x64.Build.0 = Debug|Any CPU
		{7F09346A-E1FB-4D3F-B0E7-A77A4DA712EE}.Release|Any CPU.ActiveCfg = Release|Any CPU
		{7F09346A-E1FB-4D3F-B0E7-A77A4DA712EE}.Release|Any CPU.Build.0 = Release|Any CPU
		{7F09346A-E1FB-4D3F-B0E7-A77A4DA712EE}.Release|x64.ActiveCfg = Release|Any CPU
		{7F09346A-E1FB-4D3F-B0E7-A77A4DA712EE}.Release|x64.Build.0 = Release|Any CPU
		{F7AFA9B8-D041-4421-B4BF-27D7BD434930}.Debug|Any CPU.ActiveCfg = Debug|Any CPU
		{F7AFA9B8-D041-4421-B4BF-27D7BD434930}.Debug|Any CPU.Build.0 = Debug|Any CPU
		{F7AFA9B8-D041-4421-B4BF-27D7BD434930}.Debug|x64.ActiveCfg = Debug|Any CPU
		{F7AFA9B8-D041-4421-B4BF-27D7BD434930}.Debug|x64.Build.0 = Debug|Any CPU
		{F7AFA9B8-D041-4421-B4BF-27D7BD434930}.Release|Any CPU.ActiveCfg = Release|Any CPU
		{F7AFA9B8-D041-4421-B4BF-27D7BD434930}.Release|Any CPU.Build.0 = Release|Any CPU
		{F7AFA9B8-D041-4421-B4BF-27D7BD434930}.Release|x64.ActiveCfg = Release|Any CPU
		{F7AFA9B8-D041-4421-B4BF-27D7BD434930}.Release|x64.Build.0 = Release|Any CPU
	EndGlobalSection
	GlobalSection(SolutionProperties) = preSolution
		HideSolutionNode = FALSE
	EndGlobalSection
	GlobalSection(NestedProjects) = preSolution
		{9A04298D-06EE-40C1-B9E4-3B2255DD6086} = {D218A842-F78C-4D43-938E-24ECE1157875}
		{D218A842-F78C-4D43-938E-24ECE1157875} = {D84D51DF-7064-43E7-8FFC-40FA8358978E}
		{979E2A6A-D782-4955-BFFC-66F0C4FF8D9E} = {D84D51DF-7064-43E7-8FFC-40FA8358978E}
		{A4AA3A7F-9A11-46B6-A7A9-A4659D602882} = {9A04298D-06EE-40C1-B9E4-3B2255DD6086}
		{D58D68E1-C698-4E71-B00F-FE0A1362126A} = {9A04298D-06EE-40C1-B9E4-3B2255DD6086}
		{5668BB3F-12BA-401F-884B-E2A26EAE88D4} = {D58D68E1-C698-4E71-B00F-FE0A1362126A}
		{5469ECF9-27A4-4784-8E6B-B3E0FC66355E} = {9A04298D-06EE-40C1-B9E4-3B2255DD6086}
		{F65A1425-D2A9-48F7-8565-E4C610EC2B7A} = {5469ECF9-27A4-4784-8E6B-B3E0FC66355E}
		{19FAE8E7-C3F0-40B0-B9A9-163D28A2BB6E} = {5469ECF9-27A4-4784-8E6B-B3E0FC66355E}
		{0C7E5BC1-A935-4ADC-ACA1-3B312E789064} = {5469ECF9-27A4-4784-8E6B-B3E0FC66355E}
		{38FBFC24-C015-42E3-A78D-4B227F4113FF} = {9A04298D-06EE-40C1-B9E4-3B2255DD6086}
		{8945F917-02F2-481F-B008-7B1DEC428CF3} = {9A04298D-06EE-40C1-B9E4-3B2255DD6086}
		{B77018E8-98CA-41BE-9215-06D843FAB94E} = {8945F917-02F2-481F-B008-7B1DEC428CF3}
		{F78CCCBC-AB89-430A-A9CF-18EDB1D8D3CA} = {8945F917-02F2-481F-B008-7B1DEC428CF3}
		{917D669C-024F-4035-9EB9-D77FA45829DD} = {8945F917-02F2-481F-B008-7B1DEC428CF3}
		{A79C7137-18FB-43E3-BE9C-D6ED46BF1048} = {8945F917-02F2-481F-B008-7B1DEC428CF3}
		{97B5A3BF-A9A2-4F54-A7A7-DC2870CA9540} = {8945F917-02F2-481F-B008-7B1DEC428CF3}
		{8D03B860-5E9B-4282-9C2C-D2DDF0A11198} = {8945F917-02F2-481F-B008-7B1DEC428CF3}
		{EC7267E0-CE2B-4E42-B8BC-F333195238F8} = {8945F917-02F2-481F-B008-7B1DEC428CF3}
		{D3F9079C-1541-4A9A-A475-9CE454D2CF08} = {9A04298D-06EE-40C1-B9E4-3B2255DD6086}
		{FB99E757-D2B8-4E2E-8992-89FA0D448F34} = {D3F9079C-1541-4A9A-A475-9CE454D2CF08}
		{8FBA6553-A387-4BD3-9886-6B736AB9B34E} = {9A04298D-06EE-40C1-B9E4-3B2255DD6086}
		{A8C79E18-D97E-4923-A2F8-5E6FC89EFB22} = {8FBA6553-A387-4BD3-9886-6B736AB9B34E}
		{2654359D-B80A-4532-BB36-34F8128CFEB5} = {8FBA6553-A387-4BD3-9886-6B736AB9B34E}
		{94F28337-E6CF-4070-94B9-63830BF28EDD} = {9A04298D-06EE-40C1-B9E4-3B2255DD6086}
		{9CFC7DF2-44B5-485B-938D-A992FFF4993B} = {38FBFC24-C015-42E3-A78D-4B227F4113FF}
		{CAA82AF3-0080-472D-AAB5-4E9CDB228FFC} = {9A04298D-06EE-40C1-B9E4-3B2255DD6086}
		{0DCF114A-8401-42B2-9C93-1507DD7B5E1A} = {979E2A6A-D782-4955-BFFC-66F0C4FF8D9E}
		{C681994D-CFB2-4D5A-80B9-74E54FC18F35} = {979E2A6A-D782-4955-BFFC-66F0C4FF8D9E}
		{4B25DAFB-DDDE-4EEA-A7F5-679BBA8B840E} = {979E2A6A-D782-4955-BFFC-66F0C4FF8D9E}
		{C1835D58-1ACC-4AFA-A87D-EA13D0F9D1E7} = {0DCF114A-8401-42B2-9C93-1507DD7B5E1A}
		{E4407197-0669-448C-BF4F-9698033B59A0} = {0DCF114A-8401-42B2-9C93-1507DD7B5E1A}
		{546E0865-3F14-4329-8E20-7EF38A4E352D} = {D218A842-F78C-4D43-938E-24ECE1157875}
		{C830E3F7-E882-4553-889A-6E2B7764B699} = {D218A842-F78C-4D43-938E-24ECE1157875}
		{7F09346A-E1FB-4D3F-B0E7-A77A4DA712EE} = {D218A842-F78C-4D43-938E-24ECE1157875}
		{F7AFA9B8-D041-4421-B4BF-27D7BD434930} = {D218A842-F78C-4D43-938E-24ECE1157875}
	EndGlobalSection
	GlobalSection(ExtensibilityGlobals) = postSolution
		SolutionGuid = {09380CFE-F022-4681-9D38-B40FAE3AAAC6}
	EndGlobalSection
EndGlobal
