
Microsoft Visual Studio Solution File, Format Version 12.00
# Visual Studio Version 17
VisualStudioVersion = 17.10.35004.147
MinimumVisualStudioVersion = 10.0.40219.1
Project("{2150E333-8FDC-42A3-9474-1A3956D46DE8}") = "Game", "Game", "{9A04298D-06EE-40C1-B9E4-3B2255DD6086}"
EndProject
Project("{2150E333-8FDC-42A3-9474-1A3956D46DE8}") = "WebApp", "WebApp", "{D84D51DF-7064-43E7-8FFC-40FA8358978E}"
EndProject
Project("{2150E333-8FDC-42A3-9474-1A3956D46DE8}") = "Back", "Back", "{D218A842-F78C-4D43-938E-24ECE1157875}"
EndProject
Project("{2150E333-8FDC-42A3-9474-1A3956D46DE8}") = "Front", "Front", "{979E2A6A-D782-4955-BFFC-66F0C4FF8D9E}"
EndProject
Project("{9A19103F-16F7-4668-BE54-9A1E7A4F7556}") = "Front", "WebApp\Front\Front.csproj", "{8F8FFA2E-0826-4854-B1FA-0CC31E4AB440}"
EndProject
Project("{9A19103F-16F7-4668-BE54-9A1E7A4F7556}") = "Server.BusinessRules", "WebApp\Back\Server.BusinessRules\Server.BusinessRules.csproj", "{67C6E48E-A6B2-4FE0-8D04-F99A0A21F3A2}"
EndProject
Project("{9A19103F-16F7-4668-BE54-9A1E7A4F7556}") = "Server.Providers", "WebApp\Back\Server.Providers\Server.Providers.csproj", "{B7B46917-72BA-4E5B-BA1E-DE09B6D15ADC}"
EndProject
Project("{9A19103F-16F7-4668-BE54-9A1E7A4F7556}") = "Server.Entities", "WebApp\Back\Server.Entities\Server.Entities.csproj", "{A483CE02-213D-414F-AB91-8360D6540341}"
EndProject
Project("{9A19103F-16F7-4668-BE54-9A1E7A4F7556}") = "API", "WebApp\Back\API\API.csproj", "{446DDF43-6343-4BB1-A7C0-6E45BEF86D64}"
EndProject
Project("{2150E333-8FDC-42A3-9474-1A3956D46DE8}") = "Tests", "Tests", "{BFC4B6E2-33C4-4E7D-9448-03AB71720413}"
EndProject
Project("{9A19103F-16F7-4668-BE54-9A1E7A4F7556}") = "Game.Chats.Tests", "Game\tests\Game.Chats.Tests\Game.Chats.Tests.csproj", "{5FB163C0-3087-4AEE-9B58-B64E39044E03}"
EndProject
Project("{9A19103F-16F7-4668-BE54-9A1E7A4F7556}") = "Game.Creatures.Tests", "Game\tests\Game.Creatures.Tests\Game.Creatures.Tests.csproj", "{A4A370E6-6696-4355-952E-7C6844EBCDB1}"
EndProject
Project("{9A19103F-16F7-4668-BE54-9A1E7A4F7556}") = "Game.Items.Tests", "Game\tests\Game.Items.Tests\Game.Items.Tests.csproj", "{1526C619-45A8-409F-B09B-8BFA8A6D3FA1}"
EndProject
Project("{9A19103F-16F7-4668-BE54-9A1E7A4F7556}") = "Game.Common.Tests", "Game\tests\Game.Model.Tests\Game.Common.Tests.csproj", "{7BBA2978-E04C-4BEB-A687-9AD9FCC6E74F}"
EndProject
Project("{9A19103F-16F7-4668-BE54-9A1E7A4F7556}") = "Game.Systems.Tests", "Game\tests\Game.Systems.Tests\Game.Systems.Tests.csproj", "{349A5EB9-D259-4528-83D0-57F82FD91C79}"
EndProject
Project("{9A19103F-16F7-4668-BE54-9A1E7A4F7556}") = "Game.Tests", "Game\tests\Game.Tests\Game.Tests.csproj", "{9F27D9B0-9FCE-4B94-8662-AB6B1E7E3ACA}"
EndProject
Project("{9A19103F-16F7-4668-BE54-9A1E7A4F7556}") = "Loaders.Tests", "Game\tests\Loaders.Tests\Loaders.Tests.csproj", "{C6FC9B7B-29A0-494B-8F3B-1774AAAEFDC5}"
EndProject
Project("{9A19103F-16F7-4668-BE54-9A1E7A4F7556}") = "Networking.Tests", "Game\tests\Networking.Tests\Networking.Tests.csproj", "{71721247-22B7-4617-A9D0-D33B751660A7}"
EndProject
Project("{9A19103F-16F7-4668-BE54-9A1E7A4F7556}") = "Server.Tests", "Game\tests\Server.Tests\Server.Tests.csproj", "{6261BCF6-AC67-41FC-B2E7-90893C68F722}"
EndProject
Global
	GlobalSection(SolutionConfigurationPlatforms) = preSolution
		Debug|Any CPU = Debug|Any CPU
		Debug|x64 = Debug|x64
		Release|Any CPU = Release|Any CPU
		Release|x64 = Release|x64
	EndGlobalSection
	GlobalSection(ProjectConfigurationPlatforms) = postSolution
		{8F8FFA2E-0826-4854-B1FA-0CC31E4AB440}.Debug|Any CPU.ActiveCfg = Debug|Any CPU
		{8F8FFA2E-0826-4854-B1FA-0CC31E4AB440}.Debug|Any CPU.Build.0 = Debug|Any CPU
		{8F8FFA2E-0826-4854-B1FA-0CC31E4AB440}.Debug|x64.ActiveCfg = Debug|Any CPU
		{8F8FFA2E-0826-4854-B1FA-0CC31E4AB440}.Debug|x64.Build.0 = Debug|Any CPU
		{8F8FFA2E-0826-4854-B1FA-0CC31E4AB440}.Release|Any CPU.ActiveCfg = Release|Any CPU
		{8F8FFA2E-0826-4854-B1FA-0CC31E4AB440}.Release|Any CPU.Build.0 = Release|Any CPU
		{8F8FFA2E-0826-4854-B1FA-0CC31E4AB440}.Release|x64.ActiveCfg = Release|Any CPU
		{8F8FFA2E-0826-4854-B1FA-0CC31E4AB440}.Release|x64.Build.0 = Release|Any CPU
		{67C6E48E-A6B2-4FE0-8D04-F99A0A21F3A2}.Debug|Any CPU.ActiveCfg = Debug|Any CPU
		{67C6E48E-A6B2-4FE0-8D04-F99A0A21F3A2}.Debug|Any CPU.Build.0 = Debug|Any CPU
		{67C6E48E-A6B2-4FE0-8D04-F99A0A21F3A2}.Debug|x64.ActiveCfg = Debug|Any CPU
		{67C6E48E-A6B2-4FE0-8D04-F99A0A21F3A2}.Debug|x64.Build.0 = Debug|Any CPU
		{67C6E48E-A6B2-4FE0-8D04-F99A0A21F3A2}.Release|Any CPU.ActiveCfg = Release|Any CPU
		{67C6E48E-A6B2-4FE0-8D04-F99A0A21F3A2}.Release|Any CPU.Build.0 = Release|Any CPU
		{67C6E48E-A6B2-4FE0-8D04-F99A0A21F3A2}.Release|x64.ActiveCfg = Release|Any CPU
		{67C6E48E-A6B2-4FE0-8D04-F99A0A21F3A2}.Release|x64.Build.0 = Release|Any CPU
		{B7B46917-72BA-4E5B-BA1E-DE09B6D15ADC}.Debug|Any CPU.ActiveCfg = Debug|Any CPU
		{B7B46917-72BA-4E5B-BA1E-DE09B6D15ADC}.Debug|Any CPU.Build.0 = Debug|Any CPU
		{B7B46917-72BA-4E5B-BA1E-DE09B6D15ADC}.Debug|x64.ActiveCfg = Debug|Any CPU
		{B7B46917-72BA-4E5B-BA1E-DE09B6D15ADC}.Debug|x64.Build.0 = Debug|Any CPU
		{B7B46917-72BA-4E5B-BA1E-DE09B6D15ADC}.Release|Any CPU.ActiveCfg = Release|Any CPU
		{B7B46917-72BA-4E5B-BA1E-DE09B6D15ADC}.Release|Any CPU.Build.0 = Release|Any CPU
		{B7B46917-72BA-4E5B-BA1E-DE09B6D15ADC}.Release|x64.ActiveCfg = Release|Any CPU
		{B7B46917-72BA-4E5B-BA1E-DE09B6D15ADC}.Release|x64.Build.0 = Release|Any CPU
		{A483CE02-213D-414F-AB91-8360D6540341}.Debug|Any CPU.ActiveCfg = Debug|Any CPU
		{A483CE02-213D-414F-AB91-8360D6540341}.Debug|Any CPU.Build.0 = Debug|Any CPU
		{A483CE02-213D-414F-AB91-8360D6540341}.Debug|x64.ActiveCfg = Debug|Any CPU
		{A483CE02-213D-414F-AB91-8360D6540341}.Debug|x64.Build.0 = Debug|Any CPU
		{A483CE02-213D-414F-AB91-8360D6540341}.Release|Any CPU.ActiveCfg = Release|Any CPU
		{A483CE02-213D-414F-AB91-8360D6540341}.Release|Any CPU.Build.0 = Release|Any CPU
		{A483CE02-213D-414F-AB91-8360D6540341}.Release|x64.ActiveCfg = Release|Any CPU
		{A483CE02-213D-414F-AB91-8360D6540341}.Release|x64.Build.0 = Release|Any CPU
		{446DDF43-6343-4BB1-A7C0-6E45BEF86D64}.Debug|Any CPU.ActiveCfg = Debug|Any CPU
		{446DDF43-6343-4BB1-A7C0-6E45BEF86D64}.Debug|Any CPU.Build.0 = Debug|Any CPU
		{446DDF43-6343-4BB1-A7C0-6E45BEF86D64}.Debug|x64.ActiveCfg = Debug|Any CPU
		{446DDF43-6343-4BB1-A7C0-6E45BEF86D64}.Debug|x64.Build.0 = Debug|Any CPU
		{446DDF43-6343-4BB1-A7C0-6E45BEF86D64}.Release|Any CPU.ActiveCfg = Release|Any CPU
		{446DDF43-6343-4BB1-A7C0-6E45BEF86D64}.Release|Any CPU.Build.0 = Release|Any CPU
		{446DDF43-6343-4BB1-A7C0-6E45BEF86D64}.Release|x64.ActiveCfg = Release|Any CPU
		{446DDF43-6343-4BB1-A7C0-6E45BEF86D64}.Release|x64.Build.0 = Release|Any CPU
		{5FB163C0-3087-4AEE-9B58-B64E39044E03}.Debug|Any CPU.ActiveCfg = Debug|Any CPU
		{5FB163C0-3087-4AEE-9B58-B64E39044E03}.Debug|Any CPU.Build.0 = Debug|Any CPU
		{5FB163C0-3087-4AEE-9B58-B64E39044E03}.Debug|x64.ActiveCfg = Debug|Any CPU
		{5FB163C0-3087-4AEE-9B58-B64E39044E03}.Debug|x64.Build.0 = Debug|Any CPU
		{5FB163C0-3087-4AEE-9B58-B64E39044E03}.Release|Any CPU.ActiveCfg = Release|Any CPU
		{5FB163C0-3087-4AEE-9B58-B64E39044E03}.Release|Any CPU.Build.0 = Release|Any CPU
		{5FB163C0-3087-4AEE-9B58-B64E39044E03}.Release|x64.ActiveCfg = Release|Any CPU
		{5FB163C0-3087-4AEE-9B58-B64E39044E03}.Release|x64.Build.0 = Release|Any CPU
		{A4A370E6-6696-4355-952E-7C6844EBCDB1}.Debug|Any CPU.ActiveCfg = Debug|Any CPU
		{A4A370E6-6696-4355-952E-7C6844EBCDB1}.Debug|Any CPU.Build.0 = Debug|Any CPU
		{A4A370E6-6696-4355-952E-7C6844EBCDB1}.Debug|x64.ActiveCfg = Debug|Any CPU
		{A4A370E6-6696-4355-952E-7C6844EBCDB1}.Debug|x64.Build.0 = Debug|Any CPU
		{A4A370E6-6696-4355-952E-7C6844EBCDB1}.Release|Any CPU.ActiveCfg = Release|Any CPU
		{A4A370E6-6696-4355-952E-7C6844EBCDB1}.Release|Any CPU.Build.0 = Release|Any CPU
		{A4A370E6-6696-4355-952E-7C6844EBCDB1}.Release|x64.ActiveCfg = Release|Any CPU
		{A4A370E6-6696-4355-952E-7C6844EBCDB1}.Release|x64.Build.0 = Release|Any CPU
		{1526C619-45A8-409F-B09B-8BFA8A6D3FA1}.Debug|Any CPU.ActiveCfg = Debug|Any CPU
		{1526C619-45A8-409F-B09B-8BFA8A6D3FA1}.Debug|Any CPU.Build.0 = Debug|Any CPU
		{1526C619-45A8-409F-B09B-8BFA8A6D3FA1}.Debug|x64.ActiveCfg = Debug|Any CPU
		{1526C619-45A8-409F-B09B-8BFA8A6D3FA1}.Debug|x64.Build.0 = Debug|Any CPU
		{1526C619-45A8-409F-B09B-8BFA8A6D3FA1}.Release|Any CPU.ActiveCfg = Release|Any CPU
		{1526C619-45A8-409F-B09B-8BFA8A6D3FA1}.Release|Any CPU.Build.0 = Release|Any CPU
		{1526C619-45A8-409F-B09B-8BFA8A6D3FA1}.Release|x64.ActiveCfg = Release|Any CPU
		{1526C619-45A8-409F-B09B-8BFA8A6D3FA1}.Release|x64.Build.0 = Release|Any CPU
		{7BBA2978-E04C-4BEB-A687-9AD9FCC6E74F}.Debug|Any CPU.ActiveCfg = Debug|Any CPU
		{7BBA2978-E04C-4BEB-A687-9AD9FCC6E74F}.Debug|Any CPU.Build.0 = Debug|Any CPU
		{7BBA2978-E04C-4BEB-A687-9AD9FCC6E74F}.Debug|x64.ActiveCfg = Debug|Any CPU
		{7BBA2978-E04C-4BEB-A687-9AD9FCC6E74F}.Debug|x64.Build.0 = Debug|Any CPU
		{7BBA2978-E04C-4BEB-A687-9AD9FCC6E74F}.Release|Any CPU.ActiveCfg = Release|Any CPU
		{7BBA2978-E04C-4BEB-A687-9AD9FCC6E74F}.Release|Any CPU.Build.0 = Release|Any CPU
		{7BBA2978-E04C-4BEB-A687-9AD9FCC6E74F}.Release|x64.ActiveCfg = Release|Any CPU
		{7BBA2978-E04C-4BEB-A687-9AD9FCC6E74F}.Release|x64.Build.0 = Release|Any CPU
		{349A5EB9-D259-4528-83D0-57F82FD91C79}.Debug|Any CPU.ActiveCfg = Debug|Any CPU
		{349A5EB9-D259-4528-83D0-57F82FD91C79}.Debug|Any CPU.Build.0 = Debug|Any CPU
		{349A5EB9-D259-4528-83D0-57F82FD91C79}.Debug|x64.ActiveCfg = Debug|Any CPU
		{349A5EB9-D259-4528-83D0-57F82FD91C79}.Debug|x64.Build.0 = Debug|Any CPU
		{349A5EB9-D259-4528-83D0-57F82FD91C79}.Release|Any CPU.ActiveCfg = Release|Any CPU
		{349A5EB9-D259-4528-83D0-57F82FD91C79}.Release|Any CPU.Build.0 = Release|Any CPU
		{349A5EB9-D259-4528-83D0-57F82FD91C79}.Release|x64.ActiveCfg = Release|Any CPU
		{349A5EB9-D259-4528-83D0-57F82FD91C79}.Release|x64.Build.0 = Release|Any CPU
		{9F27D9B0-9FCE-4B94-8662-AB6B1E7E3ACA}.Debug|Any CPU.ActiveCfg = Debug|Any CPU
		{9F27D9B0-9FCE-4B94-8662-AB6B1E7E3ACA}.Debug|Any CPU.Build.0 = Debug|Any CPU
		{9F27D9B0-9FCE-4B94-8662-AB6B1E7E3ACA}.Debug|x64.ActiveCfg = Debug|Any CPU
		{9F27D9B0-9FCE-4B94-8662-AB6B1E7E3ACA}.Debug|x64.Build.0 = Debug|Any CPU
		{9F27D9B0-9FCE-4B94-8662-AB6B1E7E3ACA}.Release|Any CPU.ActiveCfg = Release|Any CPU
		{9F27D9B0-9FCE-4B94-8662-AB6B1E7E3ACA}.Release|Any CPU.Build.0 = Release|Any CPU
		{9F27D9B0-9FCE-4B94-8662-AB6B1E7E3ACA}.Release|x64.ActiveCfg = Release|Any CPU
		{9F27D9B0-9FCE-4B94-8662-AB6B1E7E3ACA}.Release|x64.Build.0 = Release|Any CPU
		{C6FC9B7B-29A0-494B-8F3B-1774AAAEFDC5}.Debug|Any CPU.ActiveCfg = Debug|Any CPU
		{C6FC9B7B-29A0-494B-8F3B-1774AAAEFDC5}.Debug|Any CPU.Build.0 = Debug|Any CPU
		{C6FC9B7B-29A0-494B-8F3B-1774AAAEFDC5}.Debug|x64.ActiveCfg = Debug|Any CPU
		{C6FC9B7B-29A0-494B-8F3B-1774AAAEFDC5}.Debug|x64.Build.0 = Debug|Any CPU
		{C6FC9B7B-29A0-494B-8F3B-1774AAAEFDC5}.Release|Any CPU.ActiveCfg = Release|Any CPU
		{C6FC9B7B-29A0-494B-8F3B-1774AAAEFDC5}.Release|Any CPU.Build.0 = Release|Any CPU
		{C6FC9B7B-29A0-494B-8F3B-1774AAAEFDC5}.Release|x64.ActiveCfg = Release|Any CPU
		{C6FC9B7B-29A0-494B-8F3B-1774AAAEFDC5}.Release|x64.Build.0 = Release|Any CPU
		{71721247-22B7-4617-A9D0-D33B751660A7}.Debug|Any CPU.ActiveCfg = Debug|Any CPU
		{71721247-22B7-4617-A9D0-D33B751660A7}.Debug|Any CPU.Build.0 = Debug|Any CPU
		{71721247-22B7-4617-A9D0-D33B751660A7}.Debug|x64.ActiveCfg = Debug|x64
		{71721247-22B7-4617-A9D0-D33B751660A7}.Debug|x64.Build.0 = Debug|x64
		{71721247-22B7-4617-A9D0-D33B751660A7}.Release|Any CPU.ActiveCfg = Release|Any CPU
		{71721247-22B7-4617-A9D0-D33B751660A7}.Release|Any CPU.Build.0 = Release|Any CPU
		{71721247-22B7-4617-A9D0-D33B751660A7}.Release|x64.ActiveCfg = Release|x64
		{71721247-22B7-4617-A9D0-D33B751660A7}.Release|x64.Build.0 = Release|x64
		{6261BCF6-AC67-41FC-B2E7-90893C68F722}.Debug|Any CPU.ActiveCfg = Debug|Any CPU
		{6261BCF6-AC67-41FC-B2E7-90893C68F722}.Debug|Any CPU.Build.0 = Debug|Any CPU
		{6261BCF6-AC67-41FC-B2E7-90893C68F722}.Debug|x64.ActiveCfg = Debug|Any CPU
		{6261BCF6-AC67-41FC-B2E7-90893C68F722}.Debug|x64.Build.0 = Debug|Any CPU
		{6261BCF6-AC67-41FC-B2E7-90893C68F722}.Release|Any CPU.ActiveCfg = Release|Any CPU
		{6261BCF6-AC67-41FC-B2E7-90893C68F722}.Release|Any CPU.Build.0 = Release|Any CPU
		{6261BCF6-AC67-41FC-B2E7-90893C68F722}.Release|x64.ActiveCfg = Release|Any CPU
		{6261BCF6-AC67-41FC-B2E7-90893C68F722}.Release|x64.Build.0 = Release|Any CPU
	EndGlobalSection
	GlobalSection(SolutionProperties) = preSolution
		HideSolutionNode = FALSE
	EndGlobalSection
	GlobalSection(NestedProjects) = preSolution
		{D218A842-F78C-4D43-938E-24ECE1157875} = {D84D51DF-7064-43E7-8FFC-40FA8358978E}
		{979E2A6A-D782-4955-BFFC-66F0C4FF8D9E} = {D84D51DF-7064-43E7-8FFC-40FA8358978E}
		{8F8FFA2E-0826-4854-B1FA-0CC31E4AB440} = {979E2A6A-D782-4955-BFFC-66F0C4FF8D9E}
		{67C6E48E-A6B2-4FE0-8D04-F99A0A21F3A2} = {D218A842-F78C-4D43-938E-24ECE1157875}
		{B7B46917-72BA-4E5B-BA1E-DE09B6D15ADC} = {D218A842-F78C-4D43-938E-24ECE1157875}
		{A483CE02-213D-414F-AB91-8360D6540341} = {D218A842-F78C-4D43-938E-24ECE1157875}
		{446DDF43-6343-4BB1-A7C0-6E45BEF86D64} = {D218A842-F78C-4D43-938E-24ECE1157875}
		{BFC4B6E2-33C4-4E7D-9448-03AB71720413} = {9A04298D-06EE-40C1-B9E4-3B2255DD6086}
		{5FB163C0-3087-4AEE-9B58-B64E39044E03} = {BFC4B6E2-33C4-4E7D-9448-03AB71720413}
		{A4A370E6-6696-4355-952E-7C6844EBCDB1} = {BFC4B6E2-33C4-4E7D-9448-03AB71720413}
		{1526C619-45A8-409F-B09B-8BFA8A6D3FA1} = {BFC4B6E2-33C4-4E7D-9448-03AB71720413}
		{7BBA2978-E04C-4BEB-A687-9AD9FCC6E74F} = {BFC4B6E2-33C4-4E7D-9448-03AB71720413}
		{349A5EB9-D259-4528-83D0-57F82FD91C79} = {BFC4B6E2-33C4-4E7D-9448-03AB71720413}
		{9F27D9B0-9FCE-4B94-8662-AB6B1E7E3ACA} = {BFC4B6E2-33C4-4E7D-9448-03AB71720413}
		{C6FC9B7B-29A0-494B-8F3B-1774AAAEFDC5} = {BFC4B6E2-33C4-4E7D-9448-03AB71720413}
		{71721247-22B7-4617-A9D0-D33B751660A7} = {BFC4B6E2-33C4-4E7D-9448-03AB71720413}
		{6261BCF6-AC67-41FC-B2E7-90893C68F722} = {BFC4B6E2-33C4-4E7D-9448-03AB71720413}
	EndGlobalSection
	GlobalSection(ExtensibilityGlobals) = postSolution
		SolutionGuid = {09380CFE-F022-4681-9D38-B40FAE3AAAC6}
	EndGlobalSection
EndGlobal
